{
  "version": 1,
  "dependencies": {
    "net10.0-windows7.0": {
      "Markdig": {
        "type": "Direct",
        "requested": "[1.4.0, )",
        "resolved": "1.4.0",
        "contentHash": "lLhaiI/mNDTNzgLqnmknhf4LjgTqOAyjx5+GNz0X3AxYMxUhmFppF2WVMdER+SDqwhE5wUF1pzs/cuLwFxs7xA=="
      },
      "Microsoft.Web.WebView2": {
        "type": "Direct",
        "requested": "[1.0.4258.31, )",
        "resolved": "1.0.4258.31",
        "contentHash": "sHVZ2MQrHT1J3q5/6csn0fIP27rzpTO/RRC+wPQDrZheB7T4t2n+vVbY6SdCKr4WRV9s/gmBM3PPMWWJtoDzMg=="
      },
      "VtNetCore": {
        "type": "Transitive",
        "resolved": "1.0.30",
        "contentHash": "/tRACpRcQ4ndQgkuA+sJrDdr5bqCB9KqAZ6ftv9PuRKdWjpQfZNtk3oyv58OzV2D2dh6fwNKUjW7Vqi4+TXlnQ=="
      },
      "multiterminal.core": {
        "type": "Project",
        "dependencies": {
          "VtNetCore": "[1.0.30, )"
        }
      }
    },
    "net10.0-windows7.0/win-x64": {
      "Microsoft.Web.WebView2": {
        "type": "Direct",
        "requested": "[1.0.4258.31, )",
        "resolved": "1.0.4258.31",
        "contentHash": "sHVZ2MQrHT1J3q5/6csn0fIP27rzpTO/RRC+wPQDrZheB7T4t2n+vVbY6SdCKr4WRV9s/gmBM3PPMWWJtoDzMg=="
      }
    }
  }
}